
Microsoft Visual Studio Solution File, Format Version 12.00
# Visual Studio Version 16
VisualStudioVersion = 16.0.32630.194
MinimumVisualStudioVersion = 10.0.40219.1
Project("{8BC9CEB8-8B4A-11D0-8D11-00A0C91BC942}") = "BinaryStudio.VSShellIsolatedPackageUI.2015", "src\dotnet\assemblies\BinaryStudio.VSShellIsolatedPackageUI.2015\BinaryStudio.VSShellIsolatedPackageUI.2015.vcxproj", "{0C072760-E0CA-4E43-ADF7-441D696D38A0}"
EndProject
Project("{8BC9CEB8-8B4A-11D0-8D11-00A0C91BC942}") = "BinaryStudio.VSShellIsolatedPackageLauncher.2015", "src\dotnet\assemblies\BinaryStudio.VSShellIsolatedPackageLauncher.2015\BinaryStudio.VSShellIsolatedPackageLauncher.2015.vcxproj", "{367350B0-E462-4F96-A8A8-8855E2EEF8FD}"
EndProject
Global
	GlobalSection(SolutionConfigurationPlatforms) = preSolution
		Debug|x86 = Debug|x86
		Release|x86 = Release|x86
	EndGlobalSection
	GlobalSection(ProjectConfigurationPlatforms) = postSolution
		{0C072760-E0CA-4E43-ADF7-441D696D38A0}.Debug|x86.ActiveCfg = Debug|Win32
		{0C072760-E0CA-4E43-ADF7-441D696D38A0}.Debug|x86.Build.0 = Debug|Win32
		{0C072760-E0CA-4E43-ADF7-441D696D38A0}.Release|x86.ActiveCfg = Release|Win32
		{0C072760-E0CA-4E43-ADF7-441D696D38A0}.Release|x86.Build.0 = Release|Win32
		{367350B0-E462-4F96-A8A8-8855E2EEF8FD}.Debug|x86.ActiveCfg = Debug|Win32
		{367350B0-E462-4F96-A8A8-8855E2EEF8FD}.Debug|x86.Build.0 = Debug|Win32
		{367350B0-E462-4F96-A8A8-8855E2EEF8FD}.Release|x86.ActiveCfg = Release|Win32
		{367350B0-E462-4F96-A8A8-8855E2EEF8FD}.Release|x86.Build.0 = Release|Win32
	EndGlobalSection
	GlobalSection(SolutionProperties) = preSolution
		HideSolutionNode = FALSE
	EndGlobalSection
	GlobalSection(ExtensibilityGlobals) = postSolution
		SolutionGuid = {5A755C1A-88C2-4DE3-B4A5-35774F78FDE4}
	EndGlobalSection
EndGlobal
